
Microsoft Visual Studio Solution File, Format Version 12.00
# Visual Studio Version 17
VisualStudioVersion = 17.8.34408.163
MinimumVisualStudioVersion = 10.0.40219.1
Project("{FAE04EC0-301F-11D3-BF4B-00C04F79EFBC}") = "Zad5", "Zad5\Zad5.csproj", "{681568DB-EA7E-4359-88AF-0C73856F3A4A}"
EndProject
Global
	GlobalSection(SolutionConfigurationPlatforms) = preSolution
		Debug|Any CPU = Debug|Any CPU
		Release|Any CPU = Release|Any CPU
	EndGlobalSection
	GlobalSection(ProjectConfigurationPlatforms) = postSolution
		{681568DB-EA7E-4359-88AF-0C73856F3A4A}.Debug|Any CPU.ActiveCfg = Debug|Any CPU
		{681568DB-EA7E-4359-88AF-0C73856F3A4A}.Debug|Any CPU.Build.0 = Debug|Any CPU
		{681568DB-EA7E-4359-88AF-0C73856F3A4A}.Release|Any CPU.ActiveCfg = Release|Any CPU
		{681568DB-EA7E-4359-88AF-0C73856F3A4A}.Release|Any CPU.Build.0 = Release|Any CPU
	EndGlobalSection
	GlobalSection(SolutionProperties) = preSolution
		HideSolutionNode = FALSE
	EndGlobalSection
	GlobalSection(ExtensibilityGlobals) = postSolution
		SolutionGuid = {9E76A218-3905-4D73-A102-9EE4081EE6C9}
	EndGlobalSection
EndGlobal
